<Solution>
  <Folder Name="/.root/">
    <File Path="BannedSymbols.txt" />
    <File Path="CODE_OF_CONDUCT.md" />
    <File Path="CONTRIBUTING.md" />
    <File Path="Directory.Build.props" />
    <File Path="LICENSE" />
    <File Path="README.md" />
  </Folder>
  <Folder Name="/.root/.github/">
    <File Path=".github/CODEOWNERS" />
    <File Path=".github/copilot-instructions.md" />
    <File Path=".github/dependabot.yml" />
    <File Path=".github/pull_request_template.md" />
  </Folder>
  <Folder Name="/.root/.github/ISSUE_TEMPLATE/">
    <File Path=".github/ISSUE_TEMPLATE/BUG_REPORT.yaml" />
    <File Path=".github/ISSUE_TEMPLATE/feature_request.yaml" />
  </Folder>
  <Folder Name="/.root/.github/workflows/">
    <File Path=".github/workflows/build-all-versions.yaml" />
    <File Path=".github/workflows/codeql.yaml" />
    <File Path=".github/workflows/docfx.yaml" />
    <File Path=".github/workflows/pr.yaml" />
    <File Path=".github/workflows/release.yaml" />
  </Folder>
  <Folder Name="/.root/docs/">
    <File Path="docs/RELEASE-WORKFLOW-SETUP.md" />
  </Folder>
  <Folder Name="/.root/scripts/">
    <File Path="scripts/format.ps1" />
    <File Path="scripts/Setup-Labels.ps1" />

  </Folder>
  <Folder Name="/benchmarks/">
    <Project Path="benchmarks/Wolfgang.Etl.TestKit.Benchmarks/Wolfgang.Etl.TestKit.Benchmarks.csproj" />
  </Folder>
  <Folder Name="/examples/" />
  <Folder Name="/samples/">
    <Project Path="samples/Wolfgang.Etl.TestKit.Sample/Wolfgang.Etl.TestKit.Sample.csproj" />
  </Folder>
  <Folder Name="/src/">
    <Project Path="src/Wolfgang.Etl.TestKit/Wolfgang.Etl.TestKit.csproj" />
    <Project Path="src/Wolfgang.Etl.TestKit.Xunit/Wolfgang.Etl.TestKit.Xunit.csproj" />
  </Folder>
  <Folder Name="/tests/">
    <Project Path="tests/Wolfgang.Etl.TestKit.Tests.DocExamples/Wolfgang.Etl.TestKit.Tests.DocExamples.csproj" />
    <Project Path="tests/Wolfgang.Etl.TestKit.Tests.Fuzz/Wolfgang.Etl.TestKit.Tests.Fuzz.csproj" />
    <Project Path="tests/Wolfgang.Etl.TestKit.Tests.Unit/Wolfgang.Etl.TestKit.Tests.Unit.csproj" />
    <Project Path="tests/Wolfgang.Etl.TestKit.Xunit.Tests.Unit/Wolfgang.Etl.TestKit.Xunit.Tests.Unit.csproj" />
  </Folder>
</Solution>

